
Microsoft Visual Studio Solution File, Format Version 12.00
# Visual Studio 14
VisualStudioVersion = 14.0.25123.0
MinimumVisualStudioVersion = 10.0.40219.1
Project("{2150E333-8FDC-42A3-9474-1A3956D46DE8}") = "src", "src", "{2FD1268F-8831-450C-A7A7-DCE2A22A5BE5}"
EndProject
Project("{2150E333-8FDC-42A3-9474-1A3956D46DE8}") = "Solution Items", "Solution Items", "{BC100127-5A79-4881-9F33-B24DC31053CD}"
	ProjectSection(SolutionItems) = preProject
		global.json = global.json
	EndProjectSection
EndProject
Project("{8BB2217D-0F2D-49D1-97BC-3654ED321F3B}") = "ConsoleApp1", "src\ConsoleApp1\ConsoleApp1.xproj", "{D5D0F8BD-7D47-4630-8F8A-52B6CC05A8DD}"
EndProject
Global
	GlobalSection(SolutionConfigurationPlatforms) = preSolution
		Debug|Any CPU = Debug|Any CPU
		Release|Any CPU = Release|Any CPU
	EndGlobalSection
	GlobalSection(ProjectConfigurationPlatforms) = postSolution
		{D5D0F8BD-7D47-4630-8F8A-52B6CC05A8DD}.Debug|Any CPU.ActiveCfg = Debug|Any CPU
		{D5D0F8BD-7D47-4630-8F8A-52B6CC05A8DD}.Debug|Any CPU.Build.0 = Debug|Any CPU
		{D5D0F8BD-7D47-4630-8F8A-52B6CC05A8DD}.Release|Any CPU.ActiveCfg = Release|Any CPU
		{D5D0F8BD-7D47-4630-8F8A-52B6CC05A8DD}.Release|Any CPU.Build.0 = Release|Any CPU
	EndGlobalSection
	GlobalSection(SolutionProperties) = preSolution
		HideSolutionNode = FALSE
	EndGlobalSection
	GlobalSection(NestedProjects) = preSolution
		{D5D0F8BD-7D47-4630-8F8A-52B6CC05A8DD} = {2FD1268F-8831-450C-A7A7-DCE2A22A5BE5}
	EndGlobalSection
EndGlobal
